
Microsoft Visual Studio Solution File, Format Version 12.00
# Visual Studio Version 16
VisualStudioVersion = 16.0.29025.244
MinimumVisualStudioVersion = 10.0.40219.1
Project("{FAE04EC0-301F-11D3-BF4B-00C04F79EFBC}") = "BioRAST", "BioRAST\BioRAST.csproj", "{F6725970-BB7E-4A41-BB82-F4878FF7B5EA}"
EndProject
Global
	GlobalSection(SolutionConfigurationPlatforms) = preSolution
		Debug|Any CPU = Debug|Any CPU
		Release|Any CPU = Release|Any CPU
	EndGlobalSection
	GlobalSection(ProjectConfigurationPlatforms) = postSolution
		{F6725970-BB7E-4A41-BB82-F4878FF7B5EA}.Debug|Any CPU.ActiveCfg = Debug|Any CPU
		{F6725970-BB7E-4A41-BB82-F4878FF7B5EA}.Debug|Any CPU.Build.0 = Debug|Any CPU
		{F6725970-BB7E-4A41-BB82-F4878FF7B5EA}.Release|Any CPU.ActiveCfg = Release|Any CPU
		{F6725970-BB7E-4A41-BB82-F4878FF7B5EA}.Release|Any CPU.Build.0 = Release|Any CPU
	EndGlobalSection
	GlobalSection(SolutionProperties) = preSolution
		HideSolutionNode = FALSE
	EndGlobalSection
	GlobalSection(ExtensibilityGlobals) = postSolution
		SolutionGuid = {8CB34DD0-2E07-43AB-8134-9525A0E5DFAE}
	EndGlobalSection
EndGlobal
